// !$*UTF8*$!
{
	archiveVersion = 1;
	classes = {
	};
	objectVersion = 52;
	objects = {

/* Begin PBXBuildFile section */
		5951E5FA26F0416F00EC60EB /* ThemeSelectorView.swift in Sources */ = {isa = PBXBuildFile; fileRef = 5951E5F926F0416F00EC60EB /* ThemeSelectorView.swift */; };
		599ECBFA26EF3FCA000FF2E8 /* PocketScienceApp.swift in Sources */ = {isa = PBXBuildFile; fileRef = 599ECBF926EF3FCA000FF2E8 /* PocketScienceApp.swift */; };
		599ECBFC26EF3FCA000FF2E8 /* ContentView.swift in Sources */ = {isa = PBXBuildFile; fileRef = 599ECBFB26EF3FCA000FF2E8 /* ContentView.swift */; };
		599ECBFE26EF3FCD000FF2E8 /* Assets.xcassets in Resources */ = {isa = PBXBuildFile; fileRef = 599ECBFD26EF3FCD000FF2E8 /* Assets.xcassets */; };
		599ECC0126EF3FCD000FF2E8 /* Preview Assets.xcassets in Resources */ = {isa = PBXBuildFile; fileRef = 599ECC0026EF3FCD000FF2E8 /* Preview Assets.xcassets */; };
		599ECC0326EF3FCD000FF2E8 /* Persistence.swift in Sources */ = {isa = PBXBuildFile; fileRef = 599ECC0226EF3FCD000FF2E8 /* Persistence.swift */; };
		599ECC0626EF3FCD000FF2E8 /* PocketScience.xcdatamodeld in Sources */ = {isa = PBXBuildFile; fileRef = 599ECC0426EF3FCD000FF2E8 /* PocketScience.xcdatamodeld */; };
		599ECC0E26EF41AC000FF2E8 /* SettingsView.swift in Sources */ = {isa = PBXBuildFile; fileRef = 599ECC0D26EF41AB000FF2E8 /* SettingsView.swift */; };
		599ECC1026EF41B6000FF2E8 /* FavouritesView.swift in Sources */ = {isa = PBXBuildFile; fileRef = 599ECC0F26EF41B6000FF2E8 /* FavouritesView.swift */; };
		599ECC1226EF41C1000FF2E8 /* AwardsView.swift in Sources */ = {isa = PBXBuildFile; fileRef = 599ECC1126EF41C1000FF2E8 /* AwardsView.swift */; };
		599ECC1426EF41FA000FF2E8 /* HomeView.swift in Sources */ = {isa = PBXBuildFile; fileRef = 599ECC1326EF41FA000FF2E8 /* HomeView.swift */; };
		599ECC1926EF4999000FF2E8 /* CoreXLSX in Frameworks */ = {isa = PBXBuildFile; productRef = 599ECC1826EF4999000FF2E8 /* CoreXLSX */; };
/* End PBXBuildFile section */

/* Begin PBXFileReference section */
		5951E5F926F0416F00EC60EB /* ThemeSelectorView.swift */ = {isa = PBXFileReference; lastKnownFileType = sourcecode.swift; path = ThemeSelectorView.swift; sourceTree = "<group>"; };
		599ECBF626EF3FCA000FF2E8 /* PocketScience.app */ = {isa = PBXFileReference; explicitFileType = wrapper.application; includeInIndex = 0; path = PocketScience.app; sourceTree = BUILT_PRODUCTS_DIR; };
		599ECBF926EF3FCA000FF2E8 /* PocketScienceApp.swift */ = {isa = PBXFileReference; lastKnownFileType = sourcecode.swift; path = PocketScienceApp.swift; sourceTree = "<group>"; };
		599ECBFB26EF3FCA000FF2E8 /* ContentView.swift */ = {isa = PBXFileReference; lastKnownFileType = sourcecode.swift; path = ContentView.swift; sourceTree = "<group>"; };
		599ECBFD26EF3FCD000FF2E8 /* Assets.xcassets */ = {isa = PBXFileReference; lastKnownFileType = folder.assetcatalog; path = Assets.xcassets; sourceTree = "<group>"; };
		599ECC0026EF3FCD000FF2E8 /* Preview Assets.xcassets */ = {isa = PBXFileReference; lastKnownFileType = folder.assetcatalog; path = "Preview Assets.xcassets"; sourceTree = "<group>"; };
		599ECC0226EF3FCD000FF2E8 /* Persistence.swift */ = {isa = PBXFileReference; lastKnownFileType = sourcecode.swift; path = Persistence.swift; sourceTree = "<group>"; };
		599ECC0526EF3FCD000FF2E8 /* PocketScience.xcdatamodel */ = {isa = PBXFileReference; lastKnownFileType = wrapper.xcdatamodel; path = PocketScience.xcdatamodel; sourceTree = "<group>"; };
		599ECC0726EF3FCD000FF2E8 /* Info.plist */ = {isa = PBXFileReference; lastKnownFileType = text.plist.xml; path = Info.plist; sourceTree = "<group>"; };
		599ECC0D26EF41AB000FF2E8 /* SettingsView.swift */ = {isa = PBXFileReference; lastKnownFileType = sourcecode.swift; path = SettingsView.swift; sourceTree = "<group>"; };
		599ECC0F26EF41B6000FF2E8 /* FavouritesView.swift */ = {isa = PBXFileReference; lastKnownFileType = sourcecode.swift; path = FavouritesView.swift; sourceTree = "<group>"; };
		599ECC1126EF41C1000FF2E8 /* AwardsView.swift */ = {isa = PBXFileReference; lastKnownFileType = sourcecode.swift; path = AwardsView.swift; sourceTree = "<group>"; };
		599ECC1326EF41FA000FF2E8 /* HomeView.swift */ = {isa = PBXFileReference; lastKnownFileType = sourcecode.swift; path = HomeView.swift; sourceTree = "<group>"; };
/* End PBXFileReference section */

/* Begin PBXFrameworksBuildPhase section */
		599ECBF326EF3FCA000FF2E8 /* Frameworks */ = {
			isa = PBXFrameworksBuildPhase;
			buildActionMask = 2147483647;
			files = (
				599ECC1926EF4999000FF2E8 /* CoreXLSX in Frameworks */,
			);
			runOnlyForDeploymentPostprocessing = 0;
		};
/* End PBXFrameworksBuildPhase section */

/* Begin PBXGroup section */
		5951E5F326F0407B00EC60EB /* PostHome */ = {
			isa = PBXGroup;
			children = (
				5951E5F526F0411100EC60EB /* Quiz */,
				5951E5F426F0410B00EC60EB /* Flashcard */,
				5951E5F926F0416F00EC60EB /* ThemeSelectorView.swift */,
			);
			path = PostHome;
			sourceTree = "<group>";
		};
		5951E5F426F0410B00EC60EB /* Flashcard */ = {
			isa = PBXGroup;
			children = (
			);
			path = Flashcard;
			sourceTree = "<group>";
		};
		5951E5F526F0411100EC60EB /* Quiz */ = {
			isa = PBXGroup;
			children = (
			);
			path = Quiz;
			sourceTree = "<group>";
		};
		599ECBED26EF3FCA000FF2E8 = {
			isa = PBXGroup;
			children = (
				599ECBF826EF3FCA000FF2E8 /* PocketScience */,
				599ECBF726EF3FCA000FF2E8 /* Products */,
			);
			sourceTree = "<group>";
		};
		599ECBF726EF3FCA000FF2E8 /* Products */ = {
			isa = PBXGroup;
			children = (
				599ECBF626EF3FCA000FF2E8 /* PocketScience.app */,
			);
			name = Products;
			sourceTree = "<group>";
		};
		599ECBF826EF3FCA000FF2E8 /* PocketScience */ = {
			isa = PBXGroup;
			children = (
				5951E5F326F0407B00EC60EB /* PostHome */,
				599ECBF926EF3FCA000FF2E8 /* PocketScienceApp.swift */,
				599ECBFB26EF3FCA000FF2E8 /* ContentView.swift */,
				599ECC1326EF41FA000FF2E8 /* HomeView.swift */,
				599ECC0D26EF41AB000FF2E8 /* SettingsView.swift */,
				599ECC0F26EF41B6000FF2E8 /* FavouritesView.swift */,
				599ECC1126EF41C1000FF2E8 /* AwardsView.swift */,
				599ECBFD26EF3FCD000FF2E8 /* Assets.xcassets */,
				599ECC0226EF3FCD000FF2E8 /* Persistence.swift */,
				599ECC0726EF3FCD000FF2E8 /* Info.plist */,
				599ECC0426EF3FCD000FF2E8 /* PocketScience.xcdatamodeld */,
				599ECBFF26EF3FCD000FF2E8 /* Preview Content */,
			);
			path = PocketScience;
			sourceTree = "<group>";
		};
		599ECBFF26EF3FCD000FF2E8 /* Preview Content */ = {
			isa = PBXGroup;
			children = (
				599ECC0026EF3FCD000FF2E8 /* Preview Assets.xcassets */,
			);
			path = "Preview Content";
			sourceTree = "<group>";
		};
/* End PBXGroup section */

/* Begin PBXNativeTarget section */
		599ECBF526EF3FCA000FF2E8 /* PocketScience */ = {
			isa = PBXNativeTarget;
			buildConfigurationList = 599ECC0A26EF3FCD000FF2E8 /* Build configuration list for PBXNativeTarget "PocketScience" */;
			buildPhases = (
				599ECBF226EF3FCA000FF2E8 /* Sources */,
				599ECBF326EF3FCA000FF2E8 /* Frameworks */,
				599ECBF426EF3FCA000FF2E8 /* Resources */,
			);
			buildRules = (
			);
			dependencies = (
			);
			name = PocketScience;
			packageProductDependencies = (
				599ECC1826EF4999000FF2E8 /* CoreXLSX */,
			);
			productName = PocketScience;
			productReference = 599ECBF626EF3FCA000FF2E8 /* PocketScience.app */;
			productType = "com.apple.product-type.application";
		};
/* End PBXNativeTarget section */

/* Begin PBXProject section */
		599ECBEE26EF3FCA000FF2E8 /* Project object */ = {
			isa = PBXProject;
			attributes = {
				LastSwiftUpdateCheck = 1250;
				LastUpgradeCheck = 1250;
				TargetAttributes = {
					599ECBF526EF3FCA000FF2E8 = {
						CreatedOnToolsVersion = 12.5.1;
					};
				};
			};
			buildConfigurationList = 599ECBF126EF3FCA000FF2E8 /* Build configuration list for PBXProject "PocketScience" */;
			compatibilityVersion = "Xcode 9.3";
			developmentRegion = en;
			hasScannedForEncodings = 0;
			knownRegions = (
				en,
				Base,
			);
			mainGroup = 599ECBED26EF3FCA000FF2E8;
			packageReferences = (
				599ECC1726EF4999000FF2E8 /* XCRemoteSwiftPackageReference "CoreXLSX" */,
			);
			productRefGroup = 599ECBF726EF3FCA000FF2E8 /* Products */;
			projectDirPath = "";
			projectRoot = "";
			targets = (
				599ECBF526EF3FCA000FF2E8 /* PocketScience */,
			);
		};
/* End PBXProject section */

/* Begin PBXResourcesBuildPhase section */
		599ECBF426EF3FCA000FF2E8 /* Resources */ = {
			isa = PBXResourcesBuildPhase;
			buildActionMask = 2147483647;
			files = (
				599ECC0126EF3FCD000FF2E8 /* Preview Assets.xcassets in Resources */,
				599ECBFE26EF3FCD000FF2E8 /* Assets.xcassets in Resources */,
			);
			runOnlyForDeploymentPostprocessing = 0;
		};
/* End PBXResourcesBuildPhase section */

/* Begin PBXSourcesBuildPhase section */
		599ECBF226EF3FCA000FF2E8 /* Sources */ = {
			isa = PBXSourcesBuildPhase;
			buildActionMask = 2147483647;
			files = (
				599ECC0E26EF41AC000FF2E8 /* SettingsView.swift in Sources */,
				5951E5FA26F0416F00EC60EB /* ThemeSelectorView.swift in Sources */,
				599ECC0326EF3FCD000FF2E8 /* Persistence.swift in Sources */,
				599ECBFC26EF3FCA000FF2E8 /* ContentView.swift in Sources */,
				599ECC0626EF3FCD000FF2E8 /* PocketScience.xcdatamodeld in Sources */,
				599ECC1026EF41B6000FF2E8 /* FavouritesView.swift in Sources */,
				599ECC1426EF41FA000FF2E8 /* HomeView.swift in Sources */,
				599ECBFA26EF3FCA000FF2E8 /* PocketScienceApp.swift in Sources */,
				599ECC1226EF41C1000FF2E8 /* AwardsView.swift in Sources */,
			);
			runOnlyForDeploymentPostprocessing = 0;
		};
/* End PBXSourcesBuildPhase section */

/* Begin XCBuildConfiguration section */
		599ECC0826EF3FCD000FF2E8 /* Debug */ = {
			isa = XCBuildConfiguration;
			buildSettings = {
				ALWAYS_SEARCH_USER_PATHS = NO;
				CLANG_ANALYZER_NONNULL = YES;
				CLANG_ANALYZER_NUMBER_OBJECT_CONVERSION = YES_AGGRESSIVE;
				CLANG_CXX_LANGUAGE_STANDARD = "gnu++14";
				CLANG_CXX_LIBRARY = "libc++";
				CLANG_ENABLE_MODULES = YES;
				CLANG_ENABLE_OBJC_ARC = YES;
				CLANG_ENABLE_OBJC_WEAK = YES;
				CLANG_WARN_BLOCK_CAPTURE_AUTORELEASING = YES;
				CLANG_WARN_BOOL_CONVERSION = YES;
				CLANG_WARN_COMMA = YES;
				CLANG_WARN_CONSTANT_CONVERSION = YES;
				CLANG_WARN_DEPRECATED_OBJC_IMPLEMENTATIONS = YES;
				CLANG_WARN_DIRECT_OBJC_ISA_USAGE = YES_ERROR;
				CLANG_WARN_DOCUMENTATION_COMMENTS = YES;
				CLANG_WARN_EMPTY_BODY = YES;
				CLANG_WARN_ENUM_CONVERSION = YES;
				CLANG_WARN_INFINITE_RECURSION = YES;
				CLANG_WARN_INT_CONVERSION = YES;
				CLANG_WARN_NON_LITERAL_NULL_CONVERSION = YES;
				CLANG_WARN_OBJC_IMPLICIT_RETAIN_SELF = YES;
				CLANG_WARN_OBJC_LITERAL_CONVERSION = YES;
				CLANG_WARN_OBJC_ROOT_CLASS = YES_ERROR;
				CLANG_WARN_QUOTED_INCLUDE_IN_FRAMEWORK_HEADER = YES;
				CLANG_WARN_RANGE_LOOP_ANALYSIS = YES;
				CLANG_WARN_STRICT_PROTOTYPES = YES;
				CLANG_WARN_SUSPICIOUS_MOVE = YES;
				CLANG_WARN_UNGUARDED_AVAILABILITY = YES_AGGRESSIVE;
				CLANG_WARN_UNREACHABLE_CODE = YES;
				CLANG_WARN__DUPLICATE_METHOD_MATCH = YES;
				COPY_PHASE_STRIP = NO;
				DEBUG_INFORMATION_FORMAT = dwarf;
				ENABLE_STRICT_OBJC_MSGSEND = YES;
				ENABLE_TESTABILITY = YES;
				GCC_C_LANGUAGE_STANDARD = gnu11;
				GCC_DYNAMIC_NO_PIC = NO;
				GCC_NO_COMMON_BLOCKS = YES;
				GCC_OPTIMIZATION_LEVEL = 0;
				GCC_PREPROCESSOR_DEFINITIONS = (
					"DEBUG=1",
					"$(inherited)",
				);
				GCC_WARN_64_TO_32_BIT_CONVERSION = YES;
				GCC_WARN_ABOUT_RETURN_TYPE = YES_ERROR;
				GCC_WARN_UNDECLARED_SELECTOR = YES;
				GCC_WARN_UNINITIALIZED_AUTOS = YES_AGGRESSIVE;
				GCC_WARN_UNUSED_FUNCTION = YES;
				GCC_WARN_UNUSED_VARIABLE = YES;
				IPHONEOS_DEPLOYMENT_TARGET = 14.5;
				MTL_ENABLE_DEBUG_INFO = INCLUDE_SOURCE;
				MTL_FAST_MATH = YES;
				ONLY_ACTIVE_ARCH = YES;
				SDKROOT = iphoneos;
				SWIFT_ACTIVE_COMPILATION_CONDITIONS = DEBUG;
				SWIFT_OPTIMIZATION_LEVEL = "-Onone";
			};
			name = Debug;
		};
		599ECC0926EF3FCD000FF2E8 /* Release */ = {
			isa = XCBuildConfiguration;
			buildSettings = {
				ALWAYS_SEARCH_USER_PATHS = NO;
				CLANG_ANALYZER_NONNULL = YES;
				CLANG_ANALYZER_NUMBER_OBJECT_CONVERSION = YES_AGGRESSIVE;
				CLANG_CXX_LANGUAGE_STANDARD = "gnu++14";
				CLANG_CXX_LIBRARY = "libc++";
				CLANG_ENABLE_MODULES = YES;
				CLANG_ENABLE_OBJC_ARC = YES;
				CLANG_ENABLE_OBJC_WEAK = YES;
				CLANG_WARN_BLOCK_CAPTURE_AUTORELEASING = YES;
				CLANG_WARN_BOOL_CONVERSION = YES;
				CLANG_WARN_COMMA = YES;
				CLANG_WARN_CONSTANT_CONVERSION = YES;
				CLANG_WARN_DEPRECATED_OBJC_IMPLEMENTATIONS = YES;
				CLANG_WARN_DIRECT_OBJC_ISA_USAGE = YES_ERROR;
				CLANG_WARN_DOCUMENTATION_COMMENTS = YES;
				CLANG_WARN_EMPTY_BODY = YES;
				CLANG_WARN_ENUM_CONVERSION = YES;
				CLANG_WARN_INFINITE_RECURSION = YES;
				CLANG_WARN_INT_CONVERSION = YES;
				CLANG_WARN_NON_LITERAL_NULL_CONVERSION = YES;
				CLANG_WARN_OBJC_IMPLICIT_RETAIN_SELF = YES;
				CLANG_WARN_OBJC_LITERAL_CONVERSION = YES;
				CLANG_WARN_OBJC_ROOT_CLASS = YES_ERROR;
				CLANG_WARN_QUOTED_INCLUDE_IN_FRAMEWORK_HEADER = YES;
				CLANG_WARN_RANGE_LOOP_ANALYSIS = YES;
				CLANG_WARN_STRICT_PROTOTYPES = YES;
				CLANG_WARN_SUSPICIOUS_MOVE = YES;
				CLANG_WARN_UNGUARDED_AVAILABILITY = YES_AGGRESSIVE;
				CLANG_WARN_UNREACHABLE_CODE = YES;
				CLANG_WARN__DUPLICATE_METHOD_MATCH = YES;
				COPY_PHASE_STRIP = NO;
				DEBUG_INFORMATION_FORMAT = "dwarf-with-dsym";
				ENABLE_NS_ASSERTIONS = NO;
				ENABLE_STRICT_OBJC_MSGSEND = YES;
				GCC_C_LANGUAGE_STANDARD = gnu11;
				GCC_NO_COMMON_BLOCKS = YES;
				GCC_WARN_64_TO_32_BIT_CONVERSION = YES;
				GCC_WARN_ABOUT_RETURN_TYPE = YES_ERROR;
				GCC_WARN_UNDECLARED_SELECTOR = YES;
				GCC_WARN_UNINITIALIZED_AUTOS = YES_AGGRESSIVE;
				GCC_WARN_UNUSED_FUNCTION = YES;
				GCC_WARN_UNUSED_VARIABLE = YES;
				IPHONEOS_DEPLOYMENT_TARGET = 14.5;
				MTL_ENABLE_DEBUG_INFO = NO;
				MTL_FAST_MATH = YES;
				SDKROOT = iphoneos;
				SWIFT_COMPILATION_MODE = wholemodule;
				SWIFT_OPTIMIZATION_LEVEL = "-O";
				VALIDATE_PRODUCT = YES;
			};
			name = Release;
		};
		599ECC0B26EF3FCD000FF2E8 /* Debug */ = {
			isa = XCBuildConfiguration;
			buildSettings = {
				ASSETCATALOG_COMPILER_APPICON_NAME = AppIcon;
				ASSETCATALOG_COMPILER_GLOBAL_ACCENT_COLOR_NAME = AccentColor;
				CODE_SIGN_STYLE = Automatic;
				DEVELOPMENT_ASSET_PATHS = "\"PocketScience/Preview Content\"";
				DEVELOPMENT_TEAM = 46YLK6L3QN;
				ENABLE_PREVIEWS = YES;
				INFOPLIST_FILE = PocketScience/Info.plist;
				IPHONEOS_DEPLOYMENT_TARGET = 14.0;
				LD_RUNPATH_SEARCH_PATHS = (
					"$(inherited)",
					"@executable_path/Frameworks",
				);
				PRODUCT_BUNDLE_IDENTIFIER = ethanchew.PocketScience;
				PRODUCT_NAME = "$(TARGET_NAME)";
				SWIFT_VERSION = 5.0;
				TARGETED_DEVICE_FAMILY = "1,2";
			};
			name = Debug;
		};
		599ECC0C26EF3FCD000FF2E8 /* Release */ = {
			isa = XCBuildConfiguration;
			buildSettings = {
				ASSETCATALOG_COMPILER_APPICON_NAME = AppIcon;
				ASSETCATALOG_COMPILER_GLOBAL_ACCENT_COLOR_NAME = AccentColor;
				CODE_SIGN_STYLE = Automatic;
				DEVELOPMENT_ASSET_PATHS = "\"PocketScience/Preview Content\"";
				DEVELOPMENT_TEAM = 46YLK6L3QN;
				ENABLE_PREVIEWS = YES;
				INFOPLIST_FILE = PocketScience/Info.plist;
				IPHONEOS_DEPLOYMENT_TARGET = 14.0;
				LD_RUNPATH_SEARCH_PATHS = (
					"$(inherited)",
					"@executable_path/Frameworks",
				);
				PRODUCT_BUNDLE_IDENTIFIER = ethanchew.PocketScience;
				PRODUCT_NAME = "$(TARGET_NAME)";
				SWIFT_VERSION = 5.0;
				TARGETED_DEVICE_FAMILY = "1,2";
			};
			name = Release;
		};
/* End XCBuildConfiguration section */

/* Begin XCConfigurationList section */
		599ECBF126EF3FCA000FF2E8 /* Build configuration list for PBXProject "PocketScience" */ = {
			isa = XCConfigurationList;
			buildConfigurations = (
				599ECC0826EF3FCD000FF2E8 /* Debug */,
				599ECC0926EF3FCD000FF2E8 /* Release */,
			);
			defaultConfigurationIsVisible = 0;
			defaultConfigurationName = Release;
		};
		599ECC0A26EF3FCD000FF2E8 /* Build configuration list for PBXNativeTarget "PocketScience" */ = {
			isa = XCConfigurationList;
			buildConfigurations = (
				599ECC0B26EF3FCD000FF2E8 /* Debug */,
				599ECC0C26EF3FCD000FF2E8 /* Release */,
			);
			defaultConfigurationIsVisible = 0;
			defaultConfigurationName = Release;
		};
/* End XCConfigurationList section */

/* Begin XCRemoteSwiftPackageReference section */
		599ECC1726EF4999000FF2E8 /* XCRemoteSwiftPackageReference "CoreXLSX" */ = {
			isa = XCRemoteSwiftPackageReference;
			repositoryURL = "https://github.com/CoreOffice/CoreXLSX.git";
			requirement = {
				kind = upToNextMajorVersion;
				minimumVersion = 0.14.1;
			};
		};
/* End XCRemoteSwiftPackageReference section */

/* Begin XCSwiftPackageProductDependency section */
		599ECC1826EF4999000FF2E8 /* CoreXLSX */ = {
			isa = XCSwiftPackageProductDependency;
			package = 599ECC1726EF4999000FF2E8 /* XCRemoteSwiftPackageReference "CoreXLSX" */;
			productName = CoreXLSX;
		};
/* End XCSwiftPackageProductDependency section */

/* Begin XCVersionGroup section */
		599ECC0426EF3FCD000FF2E8 /* PocketScience.xcdatamodeld */ = {
			isa = XCVersionGroup;
			children = (
				599ECC0526EF3FCD000FF2E8 /* PocketScience.xcdatamodel */,
			);
			currentVersion = 599ECC0526EF3FCD000FF2E8 /* PocketScience.xcdatamodel */;
			path = PocketScience.xcdatamodeld;
			sourceTree = "<group>";
			versionGroupType = wrapper.xcdatamodel;
		};
/* End XCVersionGroup section */
	};
	rootObject = 599ECBEE26EF3FCA000FF2E8 /* Project object */;
}
