// !$*UTF8*$!
{
	archiveVersion = 1;
	classes = {
	};
	objectVersion = 51;
	objects = {

/* Begin PBXBuildFile section */
		5917C13C24337F9500107213 /* Main.storyboard in Resources */ = {isa = PBXBuildFile; fileRef = 5917C13A24337F9500107213 /* Main.storyboard */; };
		5917C13E24337F9A00107213 /* Assets.xcassets in Resources */ = {isa = PBXBuildFile; fileRef = 5917C13D24337F9A00107213 /* Assets.xcassets */; };
		59248A80254F923900B0FE91 /* PrepareData.swift in Sources */ = {isa = PBXBuildFile; fileRef = 59248A7C254F923100B0FE91 /* PrepareData.swift */; };
		59248A86254F969C00B0FE91 /* PrepareData.swift in Sources */ = {isa = PBXBuildFile; fileRef = 59248A7C254F923100B0FE91 /* PrepareData.swift */; };
		59455CBB253D8772006A1C92 /* Main Data.xlsx in Resources */ = {isa = PBXBuildFile; fileRef = 59455CBA253D8772006A1C92 /* Main Data.xlsx */; };
		59455CC1253D877B006A1C92 /* Topic Explaination.xlsx in Resources */ = {isa = PBXBuildFile; fileRef = 59455CC0253D877A006A1C92 /* Topic Explaination.xlsx */; };
		59549A5A25383E9C00BD68A7 /* Pods-Pocket Science-acknowledgements.plist in Resources */ = {isa = PBXBuildFile; fileRef = 59549A5925383E9B00BD68A7 /* Pods-Pocket Science-acknowledgements.plist */; };
		59790E28254A4B85005723E3 /* Extensions.swift in Sources */ = {isa = PBXBuildFile; fileRef = 59790E27254A4B85005723E3 /* Extensions.swift */; };
		59BFA7C924DE749300A6467E /* Questions and Answers.xlsx in Resources */ = {isa = PBXBuildFile; fileRef = 59BFA7C824DE749300A6467E /* Questions and Answers.xlsx */; };
		59DD90AB25316E930050AE10 /* FavouriteFlashcardsViewController.swift in Sources */ = {isa = PBXBuildFile; fileRef = 59DD90AA25316E930050AE10 /* FavouriteFlashcardsViewController.swift */; };
		59E288EC24C155C500210814 /* WidgetKit.framework in Frameworks */ = {isa = PBXBuildFile; fileRef = 59E288EB24C155C500210814 /* WidgetKit.framework */; };
		59E288F124C155C500210814 /* Pocket_Science_Widget.swift in Sources */ = {isa = PBXBuildFile; fileRef = 59E288F024C155C500210814 /* Pocket_Science_Widget.swift */; };
		59E288F424C155C700210814 /* Assets.xcassets in Resources */ = {isa = PBXBuildFile; fileRef = 59E288F324C155C700210814 /* Assets.xcassets */; };
		59E288F624C155C700210814 /* Pocket_Science_Widget.intentdefinition in Sources */ = {isa = PBXBuildFile; fileRef = 59E288F224C155C500210814 /* Pocket_Science_Widget.intentdefinition */; };
		59E288F724C155C700210814 /* Pocket_Science_Widget.intentdefinition in Sources */ = {isa = PBXBuildFile; fileRef = 59E288F224C155C500210814 /* Pocket_Science_Widget.intentdefinition */; };
		59E288FA24C155C700210814 /* Pocket Science WidgetExtension.appex in Embed App Extensions */ = {isa = PBXBuildFile; fileRef = 59E288EA24C155C500210814 /* Pocket Science WidgetExtension.appex */; settings = {ATTRIBUTES = (RemoveHeadersOnCopy, ); }; };
		876F595724C72210007414AA /* ViewController.swift in Sources */ = {isa = PBXBuildFile; fileRef = 876F594A24C7220F007414AA /* ViewController.swift */; };
		876F595924C72210007414AA /* SceneDelegate.swift in Sources */ = {isa = PBXBuildFile; fileRef = 876F594B24C7220F007414AA /* SceneDelegate.swift */; };
		876F595B24C72210007414AA /* ChooseTopicViewController.swift in Sources */ = {isa = PBXBuildFile; fileRef = 876F594C24C7220F007414AA /* ChooseTopicViewController.swift */; };
		876F595D24C72210007414AA /* ProfileViewController.swift in Sources */ = {isa = PBXBuildFile; fileRef = 876F594D24C7220F007414AA /* ProfileViewController.swift */; };
		876F595F24C72210007414AA /* TiersViewController.swift in Sources */ = {isa = PBXBuildFile; fileRef = 876F594E24C7220F007414AA /* TiersViewController.swift */; };
		876F596124C72210007414AA /* FavouritesViewController.swift in Sources */ = {isa = PBXBuildFile; fileRef = 876F594F24C7220F007414AA /* FavouritesViewController.swift */; };
		876F596324C72210007414AA /* FlashcardsViewController.swift in Sources */ = {isa = PBXBuildFile; fileRef = 876F595024C7220F007414AA /* FlashcardsViewController.swift */; };
		876F596524C72210007414AA /* LessonsViewController.swift in Sources */ = {isa = PBXBuildFile; fileRef = 876F595124C7220F007414AA /* LessonsViewController.swift */; };
		876F596724C72210007414AA /* QuizResultsViewController.swift in Sources */ = {isa = PBXBuildFile; fileRef = 876F595224C7220F007414AA /* QuizResultsViewController.swift */; };
		876F596924C72210007414AA /* AppDelegate.swift in Sources */ = {isa = PBXBuildFile; fileRef = 876F595324C7220F007414AA /* AppDelegate.swift */; };
		876F596B24C72210007414AA /* SettingsViewController.swift in Sources */ = {isa = PBXBuildFile; fileRef = 876F595424C7220F007414AA /* SettingsViewController.swift */; };
		876F596D24C72210007414AA /* QuizViewController.swift in Sources */ = {isa = PBXBuildFile; fileRef = 876F595524C72210007414AA /* QuizViewController.swift */; };
		876F596F24C72210007414AA /* AwardsViewController.swift in Sources */ = {isa = PBXBuildFile; fileRef = 876F595624C72210007414AA /* AwardsViewController.swift */; };
		BC9F6947F54C116608FDC07C /* Pods_Pocket_Science.framework in Frameworks */ = {isa = PBXBuildFile; fileRef = 54266B9D0439333E190FA508 /* Pods_Pocket_Science.framework */; };
/* End PBXBuildFile section */

/* Begin PBXContainerItemProxy section */
		59E288F824C155C700210814 /* PBXContainerItemProxy */ = {
			isa = PBXContainerItemProxy;
			containerPortal = 5917C12924337F9500107213 /* Project object */;
			proxyType = 1;
			remoteGlobalIDString = 59E288E924C155C500210814;
			remoteInfo = "Pocket Science WidgetExtension";
		};
/* End PBXContainerItemProxy section */

/* Begin PBXCopyFilesBuildPhase section */
		59E288FB24C155C700210814 /* Embed App Extensions */ = {
			isa = PBXCopyFilesBuildPhase;
			buildActionMask = 2147483647;
			dstPath = "";
			dstSubfolderSpec = 13;
			files = (
				59E288FA24C155C700210814 /* Pocket Science WidgetExtension.appex in Embed App Extensions */,
			);
			name = "Embed App Extensions";
			runOnlyForDeploymentPostprocessing = 0;
		};
/* End PBXCopyFilesBuildPhase section */

/* Begin PBXFileReference section */
		340E62B78DDF9F68C2ABFD4C /* Pods-Pocket Science.debug.xcconfig */ = {isa = PBXFileReference; includeInIndex = 1; lastKnownFileType = text.xcconfig; name = "Pods-Pocket Science.debug.xcconfig"; path = "Target Support Files/Pods-Pocket Science/Pods-Pocket Science.debug.xcconfig"; sourceTree = "<group>"; };
		459B87B22F4B4E15CA344B73 /* Pods-Pocket Science.release.xcconfig */ = {isa = PBXFileReference; includeInIndex = 1; lastKnownFileType = text.xcconfig; name = "Pods-Pocket Science.release.xcconfig"; path = "Target Support Files/Pods-Pocket Science/Pods-Pocket Science.release.xcconfig"; sourceTree = "<group>"; };
		54266B9D0439333E190FA508 /* Pods_Pocket_Science.framework */ = {isa = PBXFileReference; explicitFileType = wrapper.framework; includeInIndex = 0; path = Pods_Pocket_Science.framework; sourceTree = BUILT_PRODUCTS_DIR; };
		5917C13124337F9500107213 /* Pocket Science.app */ = {isa = PBXFileReference; explicitFileType = wrapper.application; includeInIndex = 0; path = "Pocket Science.app"; sourceTree = BUILT_PRODUCTS_DIR; };
		5917C13B24337F9500107213 /* Base */ = {isa = PBXFileReference; lastKnownFileType = file.storyboard; name = Base; path = Base.lproj/Main.storyboard; sourceTree = "<group>"; };
		5917C13D24337F9A00107213 /* Assets.xcassets */ = {isa = PBXFileReference; lastKnownFileType = folder.assetcatalog; path = Assets.xcassets; sourceTree = "<group>"; };
		5917C14224337F9A00107213 /* Info.plist */ = {isa = PBXFileReference; lastKnownFileType = text.plist.xml; path = Info.plist; sourceTree = "<group>"; };
		59248A7C254F923100B0FE91 /* PrepareData.swift */ = {isa = PBXFileReference; lastKnownFileType = sourcecode.swift; path = PrepareData.swift; sourceTree = "<group>"; };
		59455CBA253D8772006A1C92 /* Main Data.xlsx */ = {isa = PBXFileReference; lastKnownFileType = file; name = "Main Data.xlsx"; path = "../../../Pocket Science Assets/Main Data.xlsx"; sourceTree = "<group>"; };
		59455CC0253D877A006A1C92 /* Topic Explaination.xlsx */ = {isa = PBXFileReference; lastKnownFileType = file; name = "Topic Explaination.xlsx"; path = "../../../Pocket Science Assets/Topic Explaination.xlsx"; sourceTree = "<group>"; };
		59549A5925383E9B00BD68A7 /* Pods-Pocket Science-acknowledgements.plist */ = {isa = PBXFileReference; lastKnownFileType = text.plist; name = "Pods-Pocket Science-acknowledgements.plist"; path = "Pods/Target Support Files/Pods-Pocket Science/Pods-Pocket Science-acknowledgements.plist"; sourceTree = SOURCE_ROOT; };
		59790E27254A4B85005723E3 /* Extensions.swift */ = {isa = PBXFileReference; lastKnownFileType = sourcecode.swift; path = Extensions.swift; sourceTree = "<group>"; };
		59BFA7C824DE749300A6467E /* Questions and Answers.xlsx */ = {isa = PBXFileReference; lastKnownFileType = file; path = "Questions and Answers.xlsx"; sourceTree = "<group>"; };
		59DD90AA25316E930050AE10 /* FavouriteFlashcardsViewController.swift */ = {isa = PBXFileReference; lastKnownFileType = sourcecode.swift; path = FavouriteFlashcardsViewController.swift; sourceTree = "<group>"; };
		59E288EA24C155C500210814 /* Pocket Science WidgetExtension.appex */ = {isa = PBXFileReference; explicitFileType = "wrapper.app-extension"; includeInIndex = 0; path = "Pocket Science WidgetExtension.appex"; sourceTree = BUILT_PRODUCTS_DIR; };
		59E288EB24C155C500210814 /* WidgetKit.framework */ = {isa = PBXFileReference; lastKnownFileType = wrapper.framework; name = WidgetKit.framework; path = System/Library/Frameworks/WidgetKit.framework; sourceTree = SDKROOT; };
		59E288F024C155C500210814 /* Pocket_Science_Widget.swift */ = {isa = PBXFileReference; lastKnownFileType = sourcecode.swift; path = Pocket_Science_Widget.swift; sourceTree = "<group>"; };
		59E288F224C155C500210814 /* Pocket_Science_Widget.intentdefinition */ = {isa = PBXFileReference; lastKnownFileType = file.intentdefinition; path = Pocket_Science_Widget.intentdefinition; sourceTree = "<group>"; };
		59E288F324C155C700210814 /* Assets.xcassets */ = {isa = PBXFileReference; lastKnownFileType = folder.assetcatalog; path = Assets.xcassets; sourceTree = "<group>"; };
		59E288F524C155C700210814 /* Info.plist */ = {isa = PBXFileReference; lastKnownFileType = text.plist.xml; path = Info.plist; sourceTree = "<group>"; };
		876F594A24C7220F007414AA /* ViewController.swift */ = {isa = PBXFileReference; fileEncoding = 4; lastKnownFileType = sourcecode.swift; path = ViewController.swift; sourceTree = "<group>"; };
		876F594B24C7220F007414AA /* SceneDelegate.swift */ = {isa = PBXFileReference; fileEncoding = 4; lastKnownFileType = sourcecode.swift; path = SceneDelegate.swift; sourceTree = "<group>"; };
		876F594C24C7220F007414AA /* ChooseTopicViewController.swift */ = {isa = PBXFileReference; fileEncoding = 4; lastKnownFileType = sourcecode.swift; path = ChooseTopicViewController.swift; sourceTree = "<group>"; };
		876F594D24C7220F007414AA /* ProfileViewController.swift */ = {isa = PBXFileReference; fileEncoding = 4; lastKnownFileType = sourcecode.swift; path = ProfileViewController.swift; sourceTree = "<group>"; };
		876F594E24C7220F007414AA /* TiersViewController.swift */ = {isa = PBXFileReference; fileEncoding = 4; lastKnownFileType = sourcecode.swift; path = TiersViewController.swift; sourceTree = "<group>"; };
		876F594F24C7220F007414AA /* FavouritesViewController.swift */ = {isa = PBXFileReference; fileEncoding = 4; lastKnownFileType = sourcecode.swift; path = FavouritesViewController.swift; sourceTree = "<group>"; };
		876F595024C7220F007414AA /* FlashcardsViewController.swift */ = {isa = PBXFileReference; fileEncoding = 4; lastKnownFileType = sourcecode.swift; path = FlashcardsViewController.swift; sourceTree = "<group>"; };
		876F595124C7220F007414AA /* LessonsViewController.swift */ = {isa = PBXFileReference; fileEncoding = 4; lastKnownFileType = sourcecode.swift; path = LessonsViewController.swift; sourceTree = "<group>"; };
		876F595224C7220F007414AA /* QuizResultsViewController.swift */ = {isa = PBXFileReference; fileEncoding = 4; lastKnownFileType = sourcecode.swift; path = QuizResultsViewController.swift; sourceTree = "<group>"; };
		876F595324C7220F007414AA /* AppDelegate.swift */ = {isa = PBXFileReference; fileEncoding = 4; lastKnownFileType = sourcecode.swift; path = AppDelegate.swift; sourceTree = "<group>"; };
		876F595424C7220F007414AA /* SettingsViewController.swift */ = {isa = PBXFileReference; fileEncoding = 4; lastKnownFileType = sourcecode.swift; path = SettingsViewController.swift; sourceTree = "<group>"; };
		876F595524C72210007414AA /* QuizViewController.swift */ = {isa = PBXFileReference; fileEncoding = 4; lastKnownFileType = sourcecode.swift; path = QuizViewController.swift; sourceTree = "<group>"; };
		876F595624C72210007414AA /* AwardsViewController.swift */ = {isa = PBXFileReference; fileEncoding = 4; lastKnownFileType = sourcecode.swift; path = AwardsViewController.swift; sourceTree = "<group>"; };
/* End PBXFileReference section */

/* Begin PBXFrameworksBuildPhase section */
		5917C12E24337F9500107213 /* Frameworks */ = {
			isa = PBXFrameworksBuildPhase;
			buildActionMask = 2147483647;
			files = (
				BC9F6947F54C116608FDC07C /* Pods_Pocket_Science.framework in Frameworks */,
			);
			runOnlyForDeploymentPostprocessing = 0;
		};
		59E288E724C155C500210814 /* Frameworks */ = {
			isa = PBXFrameworksBuildPhase;
			buildActionMask = 2147483647;
			files = (
				59E288EC24C155C500210814 /* WidgetKit.framework in Frameworks */,
			);
			runOnlyForDeploymentPostprocessing = 0;
		};
/* End PBXFrameworksBuildPhase section */

/* Begin PBXGroup section */
		5917C12824337F9500107213 = {
			isa = PBXGroup;
			children = (
				5917C13324337F9500107213 /* Pocket Science */,
				59E288EF24C155C500210814 /* Pocket Science Widget */,
				5917C13224337F9500107213 /* Products */,
				A8E6874E56146C7B3AC49890 /* Pods */,
				9530B26F3CCEF8DC3F12ACE6 /* Frameworks */,
			);
			sourceTree = "<group>";
		};
		5917C13224337F9500107213 /* Products */ = {
			isa = PBXGroup;
			children = (
				5917C13124337F9500107213 /* Pocket Science.app */,
				59E288EA24C155C500210814 /* Pocket Science WidgetExtension.appex */,
			);
			name = Products;
			sourceTree = "<group>";
		};
		5917C13324337F9500107213 /* Pocket Science */ = {
			isa = PBXGroup;
			children = (
				5917C13D24337F9A00107213 /* Assets.xcassets */,
				5917C13A24337F9500107213 /* Main.storyboard */,
				5917C14224337F9A00107213 /* Info.plist */,
				59455CBA253D8772006A1C92 /* Main Data.xlsx */,
				59455CC0253D877A006A1C92 /* Topic Explaination.xlsx */,
				59BFA7C824DE749300A6467E /* Questions and Answers.xlsx */,
				59549A5925383E9B00BD68A7 /* Pods-Pocket Science-acknowledgements.plist */,
				876F595324C7220F007414AA /* AppDelegate.swift */,
				876F594B24C7220F007414AA /* SceneDelegate.swift */,
				876F594A24C7220F007414AA /* ViewController.swift */,
				876F595624C72210007414AA /* AwardsViewController.swift */,
				876F594E24C7220F007414AA /* TiersViewController.swift */,
				876F594F24C7220F007414AA /* FavouritesViewController.swift */,
				59DD90AA25316E930050AE10 /* FavouriteFlashcardsViewController.swift */,
				876F595124C7220F007414AA /* LessonsViewController.swift */,
				876F595024C7220F007414AA /* FlashcardsViewController.swift */,
				876F594C24C7220F007414AA /* ChooseTopicViewController.swift */,
				876F595524C72210007414AA /* QuizViewController.swift */,
				876F595224C7220F007414AA /* QuizResultsViewController.swift */,
				876F594D24C7220F007414AA /* ProfileViewController.swift */,
				876F595424C7220F007414AA /* SettingsViewController.swift */,
				59790E27254A4B85005723E3 /* Extensions.swift */,
			);
			path = "Pocket Science";
			sourceTree = "<group>";
		};
		59E288EF24C155C500210814 /* Pocket Science Widget */ = {
			isa = PBXGroup;
			children = (
				59E288F024C155C500210814 /* Pocket_Science_Widget.swift */,
				59E288F224C155C500210814 /* Pocket_Science_Widget.intentdefinition */,
				59E288F324C155C700210814 /* Assets.xcassets */,
				59E288F524C155C700210814 /* Info.plist */,
				59248A7C254F923100B0FE91 /* PrepareData.swift */,
			);
			path = "Pocket Science Widget";
			sourceTree = "<group>";
		};
		9530B26F3CCEF8DC3F12ACE6 /* Frameworks */ = {
			isa = PBXGroup;
			children = (
				54266B9D0439333E190FA508 /* Pods_Pocket_Science.framework */,
				59E288EB24C155C500210814 /* WidgetKit.framework */,
			);
			name = Frameworks;
			sourceTree = "<group>";
		};
		A8E6874E56146C7B3AC49890 /* Pods */ = {
			isa = PBXGroup;
			children = (
				340E62B78DDF9F68C2ABFD4C /* Pods-Pocket Science.debug.xcconfig */,
				459B87B22F4B4E15CA344B73 /* Pods-Pocket Science.release.xcconfig */,
			);
			path = Pods;
			sourceTree = "<group>";
		};
/* End PBXGroup section */

/* Begin PBXNativeTarget section */
		5917C13024337F9500107213 /* Pocket Science */ = {
			isa = PBXNativeTarget;
			buildConfigurationList = 5917C14524337F9A00107213 /* Build configuration list for PBXNativeTarget "Pocket Science" */;
			buildPhases = (
				5F2580F78B25F146053FD978 /* [CP] Check Pods Manifest.lock */,
				5917C12D24337F9500107213 /* Sources */,
				5917C12E24337F9500107213 /* Frameworks */,
				5917C12F24337F9500107213 /* Resources */,
				250902D489AA4D3F727AB8C0 /* [CP] Embed Pods Frameworks */,
				59E288FB24C155C700210814 /* Embed App Extensions */,
			);
			buildRules = (
			);
			dependencies = (
				59E288F924C155C700210814 /* PBXTargetDependency */,
			);
			name = "Pocket Science";
			productName = "Pocket Science";
			productReference = 5917C13124337F9500107213 /* Pocket Science.app */;
			productType = "com.apple.product-type.application";
		};
		59E288E924C155C500210814 /* Pocket Science WidgetExtension */ = {
			isa = PBXNativeTarget;
			buildConfigurationList = 59E288FE24C155C700210814 /* Build configuration list for PBXNativeTarget "Pocket Science WidgetExtension" */;
			buildPhases = (
				59E288E624C155C500210814 /* Sources */,
				59E288E724C155C500210814 /* Frameworks */,
				59E288E824C155C500210814 /* Resources */,
			);
			buildRules = (
			);
			dependencies = (
			);
			name = "Pocket Science WidgetExtension";
			productName = "Pocket Science WidgetExtension";
			productReference = 59E288EA24C155C500210814 /* Pocket Science WidgetExtension.appex */;
			productType = "com.apple.product-type.app-extension";
		};
/* End PBXNativeTarget section */

/* Begin PBXProject section */
		5917C12924337F9500107213 /* Project object */ = {
			isa = PBXProject;
			attributes = {
				LastSwiftUpdateCheck = 1200;
				LastUpgradeCheck = 1200;
				ORGANIZATIONNAME = "Ethan Chew";
				TargetAttributes = {
					5917C13024337F9500107213 = {
						CreatedOnToolsVersion = 11.3.1;
					};
					59E288E924C155C500210814 = {
						CreatedOnToolsVersion = 12.0;
					};
				};
			};
			buildConfigurationList = 5917C12C24337F9500107213 /* Build configuration list for PBXProject "Pocket Science" */;
			compatibilityVersion = "Xcode 9.3";
			developmentRegion = en;
			hasScannedForEncodings = 0;
			knownRegions = (
				en,
				Base,
			);
			mainGroup = 5917C12824337F9500107213;
			productRefGroup = 5917C13224337F9500107213 /* Products */;
			projectDirPath = "";
			projectRoot = "";
			targets = (
				5917C13024337F9500107213 /* Pocket Science */,
				59E288E924C155C500210814 /* Pocket Science WidgetExtension */,
			);
		};
/* End PBXProject section */

/* Begin PBXResourcesBuildPhase section */
		5917C12F24337F9500107213 /* Resources */ = {
			isa = PBXResourcesBuildPhase;
			buildActionMask = 2147483647;
			files = (
				59BFA7C924DE749300A6467E /* Questions and Answers.xlsx in Resources */,
				59549A5A25383E9C00BD68A7 /* Pods-Pocket Science-acknowledgements.plist in Resources */,
				59455CBB253D8772006A1C92 /* Main Data.xlsx in Resources */,
				5917C13E24337F9A00107213 /* Assets.xcassets in Resources */,
				59455CC1253D877B006A1C92 /* Topic Explaination.xlsx in Resources */,
				5917C13C24337F9500107213 /* Main.storyboard in Resources */,
			);
			runOnlyForDeploymentPostprocessing = 0;
		};
		59E288E824C155C500210814 /* Resources */ = {
			isa = PBXResourcesBuildPhase;
			buildActionMask = 2147483647;
			files = (
				59E288F424C155C700210814 /* Assets.xcassets in Resources */,
			);
			runOnlyForDeploymentPostprocessing = 0;
		};
/* End PBXResourcesBuildPhase section */

/* Begin PBXShellScriptBuildPhase section */
		250902D489AA4D3F727AB8C0 /* [CP] Embed Pods Frameworks */ = {
			isa = PBXShellScriptBuildPhase;
			buildActionMask = 2147483647;
			files = (
			);
			inputFileListPaths = (
				"${PODS_ROOT}/Target Support Files/Pods-Pocket Science/Pods-Pocket Science-frameworks-${CONFIGURATION}-input-files.xcfilelist",
			);
			name = "[CP] Embed Pods Frameworks";
			outputFileListPaths = (
				"${PODS_ROOT}/Target Support Files/Pods-Pocket Science/Pods-Pocket Science-frameworks-${CONFIGURATION}-output-files.xcfilelist",
			);
			runOnlyForDeploymentPostprocessing = 0;
			shellPath = /bin/sh;
			shellScript = "\"${PODS_ROOT}/Target Support Files/Pods-Pocket Science/Pods-Pocket Science-frameworks.sh\"\n";
			showEnvVarsInLog = 0;
		};
		5F2580F78B25F146053FD978 /* [CP] Check Pods Manifest.lock */ = {
			isa = PBXShellScriptBuildPhase;
			buildActionMask = 2147483647;
			files = (
			);
			inputFileListPaths = (
			);
			inputPaths = (
				"${PODS_PODFILE_DIR_PATH}/Podfile.lock",
				"${PODS_ROOT}/Manifest.lock",
			);
			name = "[CP] Check Pods Manifest.lock";
			outputFileListPaths = (
			);
			outputPaths = (
				"$(DERIVED_FILE_DIR)/Pods-Pocket Science-checkManifestLockResult.txt",
			);
			runOnlyForDeploymentPostprocessing = 0;
			shellPath = /bin/sh;
			shellScript = "diff \"${PODS_PODFILE_DIR_PATH}/Podfile.lock\" \"${PODS_ROOT}/Manifest.lock\" > /dev/null\nif [ $? != 0 ] ; then\n    # print error to STDERR\n    echo \"error: The sandbox is not in sync with the Podfile.lock. Run 'pod install' or update your CocoaPods installation.\" >&2\n    exit 1\nfi\n# This output is used by Xcode 'outputs' to avoid re-running this script phase.\necho \"SUCCESS\" > \"${SCRIPT_OUTPUT_FILE_0}\"\n";
			showEnvVarsInLog = 0;
		};
/* End PBXShellScriptBuildPhase section */

/* Begin PBXSourcesBuildPhase section */
		5917C12D24337F9500107213 /* Sources */ = {
			isa = PBXSourcesBuildPhase;
			buildActionMask = 2147483647;
			files = (
				876F596924C72210007414AA /* AppDelegate.swift in Sources */,
				59248A86254F969C00B0FE91 /* PrepareData.swift in Sources */,
				876F596524C72210007414AA /* LessonsViewController.swift in Sources */,
				876F595724C72210007414AA /* ViewController.swift in Sources */,
				876F595B24C72210007414AA /* ChooseTopicViewController.swift in Sources */,
				876F595F24C72210007414AA /* TiersViewController.swift in Sources */,
				876F596324C72210007414AA /* FlashcardsViewController.swift in Sources */,
				876F595D24C72210007414AA /* ProfileViewController.swift in Sources */,
				59DD90AB25316E930050AE10 /* FavouriteFlashcardsViewController.swift in Sources */,
				876F596724C72210007414AA /* QuizResultsViewController.swift in Sources */,
				876F596F24C72210007414AA /* AwardsViewController.swift in Sources */,
				876F596D24C72210007414AA /* QuizViewController.swift in Sources */,
				59E288F724C155C700210814 /* Pocket_Science_Widget.intentdefinition in Sources */,
				876F596124C72210007414AA /* FavouritesViewController.swift in Sources */,
				59790E28254A4B85005723E3 /* Extensions.swift in Sources */,
				876F595924C72210007414AA /* SceneDelegate.swift in Sources */,
				876F596B24C72210007414AA /* SettingsViewController.swift in Sources */,
			);
			runOnlyForDeploymentPostprocessing = 0;
		};
		59E288E624C155C500210814 /* Sources */ = {
			isa = PBXSourcesBuildPhase;
			buildActionMask = 2147483647;
			files = (
				59E288F124C155C500210814 /* Pocket_Science_Widget.swift in Sources */,
				59E288F624C155C700210814 /* Pocket_Science_Widget.intentdefinition in Sources */,
				59248A80254F923900B0FE91 /* PrepareData.swift in Sources */,
			);
			runOnlyForDeploymentPostprocessing = 0;
		};
/* End PBXSourcesBuildPhase section */

/* Begin PBXTargetDependency section */
		59E288F924C155C700210814 /* PBXTargetDependency */ = {
			isa = PBXTargetDependency;
			target = 59E288E924C155C500210814 /* Pocket Science WidgetExtension */;
			targetProxy = 59E288F824C155C700210814 /* PBXContainerItemProxy */;
		};
/* End PBXTargetDependency section */

/* Begin PBXVariantGroup section */
		5917C13A24337F9500107213 /* Main.storyboard */ = {
			isa = PBXVariantGroup;
			children = (
				5917C13B24337F9500107213 /* Base */,
			);
			name = Main.storyboard;
			sourceTree = "<group>";
		};
/* End PBXVariantGroup section */

/* Begin XCBuildConfiguration section */
		5917C14324337F9A00107213 /* Debug */ = {
			isa = XCBuildConfiguration;
			buildSettings = {
				ALWAYS_SEARCH_USER_PATHS = NO;
				CLANG_ANALYZER_NONNULL = YES;
				CLANG_ANALYZER_NUMBER_OBJECT_CONVERSION = YES_AGGRESSIVE;
				CLANG_CXX_LANGUAGE_STANDARD = "gnu++14";
				CLANG_CXX_LIBRARY = "libc++";
				CLANG_ENABLE_MODULES = YES;
				CLANG_ENABLE_OBJC_ARC = YES;
				CLANG_ENABLE_OBJC_WEAK = YES;
				CLANG_WARN_BLOCK_CAPTURE_AUTORELEASING = YES;
				CLANG_WARN_BOOL_CONVERSION = YES;
				CLANG_WARN_COMMA = YES;
				CLANG_WARN_CONSTANT_CONVERSION = YES;
				CLANG_WARN_DEPRECATED_OBJC_IMPLEMENTATIONS = YES;
				CLANG_WARN_DIRECT_OBJC_ISA_USAGE = YES_ERROR;
				CLANG_WARN_DOCUMENTATION_COMMENTS = YES;
				CLANG_WARN_EMPTY_BODY = YES;
				CLANG_WARN_ENUM_CONVERSION = YES;
				CLANG_WARN_INFINITE_RECURSION = YES;
				CLANG_WARN_INT_CONVERSION = YES;
				CLANG_WARN_NON_LITERAL_NULL_CONVERSION = YES;
				CLANG_WARN_OBJC_IMPLICIT_RETAIN_SELF = YES;
				CLANG_WARN_OBJC_LITERAL_CONVERSION = YES;
				CLANG_WARN_OBJC_ROOT_CLASS = YES_ERROR;
				CLANG_WARN_QUOTED_INCLUDE_IN_FRAMEWORK_HEADER = YES;
				CLANG_WARN_RANGE_LOOP_ANALYSIS = YES;
				CLANG_WARN_STRICT_PROTOTYPES = YES;
				CLANG_WARN_SUSPICIOUS_MOVE = YES;
				CLANG_WARN_UNGUARDED_AVAILABILITY = YES_AGGRESSIVE;
				CLANG_WARN_UNREACHABLE_CODE = YES;
				CLANG_WARN__DUPLICATE_METHOD_MATCH = YES;
				COPY_PHASE_STRIP = NO;
				DEBUG_INFORMATION_FORMAT = dwarf;
				ENABLE_STRICT_OBJC_MSGSEND = YES;
				ENABLE_TESTABILITY = YES;
				GCC_C_LANGUAGE_STANDARD = gnu11;
				GCC_DYNAMIC_NO_PIC = NO;
				GCC_NO_COMMON_BLOCKS = YES;
				GCC_OPTIMIZATION_LEVEL = 0;
				GCC_PREPROCESSOR_DEFINITIONS = (
					"DEBUG=1",
					"$(inherited)",
				);
				GCC_WARN_64_TO_32_BIT_CONVERSION = YES;
				GCC_WARN_ABOUT_RETURN_TYPE = YES_ERROR;
				GCC_WARN_UNDECLARED_SELECTOR = YES;
				GCC_WARN_UNINITIALIZED_AUTOS = YES_AGGRESSIVE;
				GCC_WARN_UNUSED_FUNCTION = YES;
				GCC_WARN_UNUSED_VARIABLE = YES;
				IPHONEOS_DEPLOYMENT_TARGET = 14.0;
				MTL_ENABLE_DEBUG_INFO = INCLUDE_SOURCE;
				MTL_FAST_MATH = YES;
				ONLY_ACTIVE_ARCH = YES;
				SDKROOT = iphoneos;
				SWIFT_ACTIVE_COMPILATION_CONDITIONS = DEBUG;
				SWIFT_OPTIMIZATION_LEVEL = "-Onone";
			};
			name = Debug;
		};
		5917C14424337F9A00107213 /* Release */ = {
			isa = XCBuildConfiguration;
			buildSettings = {
				ALWAYS_SEARCH_USER_PATHS = NO;
				CLANG_ANALYZER_NONNULL = YES;
				CLANG_ANALYZER_NUMBER_OBJECT_CONVERSION = YES_AGGRESSIVE;
				CLANG_CXX_LANGUAGE_STANDARD = "gnu++14";
				CLANG_CXX_LIBRARY = "libc++";
				CLANG_ENABLE_MODULES = YES;
				CLANG_ENABLE_OBJC_ARC = YES;
				CLANG_ENABLE_OBJC_WEAK = YES;
				CLANG_WARN_BLOCK_CAPTURE_AUTORELEASING = YES;
				CLANG_WARN_BOOL_CONVERSION = YES;
				CLANG_WARN_COMMA = YES;
				CLANG_WARN_CONSTANT_CONVERSION = YES;
				CLANG_WARN_DEPRECATED_OBJC_IMPLEMENTATIONS = YES;
				CLANG_WARN_DIRECT_OBJC_ISA_USAGE = YES_ERROR;
				CLANG_WARN_DOCUMENTATION_COMMENTS = YES;
				CLANG_WARN_EMPTY_BODY = YES;
				CLANG_WARN_ENUM_CONVERSION = YES;
				CLANG_WARN_INFINITE_RECURSION = YES;
				CLANG_WARN_INT_CONVERSION = YES;
				CLANG_WARN_NON_LITERAL_NULL_CONVERSION = YES;
				CLANG_WARN_OBJC_IMPLICIT_RETAIN_SELF = YES;
				CLANG_WARN_OBJC_LITERAL_CONVERSION = YES;
				CLANG_WARN_OBJC_ROOT_CLASS = YES_ERROR;
				CLANG_WARN_QUOTED_INCLUDE_IN_FRAMEWORK_HEADER = YES;
				CLANG_WARN_RANGE_LOOP_ANALYSIS = YES;
				CLANG_WARN_STRICT_PROTOTYPES = YES;
				CLANG_WARN_SUSPICIOUS_MOVE = YES;
				CLANG_WARN_UNGUARDED_AVAILABILITY = YES_AGGRESSIVE;
				CLANG_WARN_UNREACHABLE_CODE = YES;
				CLANG_WARN__DUPLICATE_METHOD_MATCH = YES;
				COPY_PHASE_STRIP = NO;
				DEBUG_INFORMATION_FORMAT = "dwarf-with-dsym";
				ENABLE_NS_ASSERTIONS = NO;
				ENABLE_STRICT_OBJC_MSGSEND = YES;
				GCC_C_LANGUAGE_STANDARD = gnu11;
				GCC_NO_COMMON_BLOCKS = YES;
				GCC_WARN_64_TO_32_BIT_CONVERSION = YES;
				GCC_WARN_ABOUT_RETURN_TYPE = YES_ERROR;
				GCC_WARN_UNDECLARED_SELECTOR = YES;
				GCC_WARN_UNINITIALIZED_AUTOS = YES_AGGRESSIVE;
				GCC_WARN_UNUSED_FUNCTION = YES;
				GCC_WARN_UNUSED_VARIABLE = YES;
				IPHONEOS_DEPLOYMENT_TARGET = 14.0;
				MTL_ENABLE_DEBUG_INFO = NO;
				MTL_FAST_MATH = YES;
				SDKROOT = iphoneos;
				SWIFT_COMPILATION_MODE = wholemodule;
				SWIFT_OPTIMIZATION_LEVEL = "-O";
				VALIDATE_PRODUCT = YES;
			};
			name = Release;
		};
		5917C14624337F9A00107213 /* Debug */ = {
			isa = XCBuildConfiguration;
			baseConfigurationReference = 340E62B78DDF9F68C2ABFD4C /* Pods-Pocket Science.debug.xcconfig */;
			buildSettings = {
				ALWAYS_EMBED_SWIFT_STANDARD_LIBRARIES = YES;
				ASSETCATALOG_COMPILER_APPICON_NAME = AppIcon;
				CODE_SIGN_STYLE = Automatic;
				DEVELOPMENT_TEAM = 46YLK6L3QN;
				INFOPLIST_FILE = "Pocket Science/Info.plist";
				IPHONEOS_DEPLOYMENT_TARGET = 14.0;
				LD_RUNPATH_SEARCH_PATHS = (
					"$(inherited)",
					"@executable_path/Frameworks",
				);
				PRODUCT_BUNDLE_IDENTIFIER = "org.ethanchew.Pocket-Science";
				PRODUCT_NAME = "$(TARGET_NAME)";
				SWIFT_VERSION = 5.0;
				TARGETED_DEVICE_FAMILY = "1,2";
			};
			name = Debug;
		};
		5917C14724337F9A00107213 /* Release */ = {
			isa = XCBuildConfiguration;
			baseConfigurationReference = 459B87B22F4B4E15CA344B73 /* Pods-Pocket Science.release.xcconfig */;
			buildSettings = {
				ALWAYS_EMBED_SWIFT_STANDARD_LIBRARIES = YES;
				ASSETCATALOG_COMPILER_APPICON_NAME = AppIcon;
				CODE_SIGN_STYLE = Automatic;
				DEVELOPMENT_TEAM = 46YLK6L3QN;
				INFOPLIST_FILE = "Pocket Science/Info.plist";
				IPHONEOS_DEPLOYMENT_TARGET = 14.0;
				LD_RUNPATH_SEARCH_PATHS = (
					"$(inherited)",
					"@executable_path/Frameworks",
				);
				PRODUCT_BUNDLE_IDENTIFIER = "org.ethanchew.Pocket-Science";
				PRODUCT_NAME = "$(TARGET_NAME)";
				SWIFT_VERSION = 5.0;
				TARGETED_DEVICE_FAMILY = "1,2";
			};
			name = Release;
		};
		59E288FC24C155C700210814 /* Debug */ = {
			isa = XCBuildConfiguration;
			buildSettings = {
				ASSETCATALOG_COMPILER_GLOBAL_ACCENT_COLOR_NAME = AccentColor;
				ASSETCATALOG_COMPILER_WIDGET_BACKGROUND_COLOR_NAME = WidgetBackground;
				CODE_SIGN_STYLE = Automatic;
				DEVELOPMENT_TEAM = 46YLK6L3QN;
				INFOPLIST_FILE = "Pocket Science Widget/Info.plist";
				IPHONEOS_DEPLOYMENT_TARGET = 14.0;
				LD_RUNPATH_SEARCH_PATHS = (
					"$(inherited)",
					"@executable_path/Frameworks",
					"@executable_path/../../Frameworks",
				);
				PRODUCT_BUNDLE_IDENTIFIER = "org.ethanchew.Pocket-Science.Pocket-Science-Widget";
				PRODUCT_NAME = "$(TARGET_NAME)";
				SKIP_INSTALL = YES;
				SWIFT_VERSION = 5.0;
				TARGETED_DEVICE_FAMILY = "1,2";
			};
			name = Debug;
		};
		59E288FD24C155C700210814 /* Release */ = {
			isa = XCBuildConfiguration;
			buildSettings = {
				ASSETCATALOG_COMPILER_GLOBAL_ACCENT_COLOR_NAME = AccentColor;
				ASSETCATALOG_COMPILER_WIDGET_BACKGROUND_COLOR_NAME = WidgetBackground;
				CODE_SIGN_STYLE = Automatic;
				DEVELOPMENT_TEAM = 46YLK6L3QN;
				INFOPLIST_FILE = "Pocket Science Widget/Info.plist";
				IPHONEOS_DEPLOYMENT_TARGET = 14.0;
				LD_RUNPATH_SEARCH_PATHS = (
					"$(inherited)",
					"@executable_path/Frameworks",
					"@executable_path/../../Frameworks",
				);
				PRODUCT_BUNDLE_IDENTIFIER = "org.ethanchew.Pocket-Science.Pocket-Science-Widget";
				PRODUCT_NAME = "$(TARGET_NAME)";
				SKIP_INSTALL = YES;
				SWIFT_VERSION = 5.0;
				TARGETED_DEVICE_FAMILY = "1,2";
			};
			name = Release;
		};
/* End XCBuildConfiguration section */

/* Begin XCConfigurationList section */
		5917C12C24337F9500107213 /* Build configuration list for PBXProject "Pocket Science" */ = {
			isa = XCConfigurationList;
			buildConfigurations = (
				5917C14324337F9A00107213 /* Debug */,
				5917C14424337F9A00107213 /* Release */,
			);
			defaultConfigurationIsVisible = 0;
			defaultConfigurationName = Release;
		};
		5917C14524337F9A00107213 /* Build configuration list for PBXNativeTarget "Pocket Science" */ = {
			isa = XCConfigurationList;
			buildConfigurations = (
				5917C14624337F9A00107213 /* Debug */,
				5917C14724337F9A00107213 /* Release */,
			);
			defaultConfigurationIsVisible = 0;
			defaultConfigurationName = Release;
		};
		59E288FE24C155C700210814 /* Build configuration list for PBXNativeTarget "Pocket Science WidgetExtension" */ = {
			isa = XCConfigurationList;
			buildConfigurations = (
				59E288FC24C155C700210814 /* Debug */,
				59E288FD24C155C700210814 /* Release */,
			);
			defaultConfigurationIsVisible = 0;
			defaultConfigurationName = Release;
		};
/* End XCConfigurationList section */
	};
	rootObject = 5917C12924337F9500107213 /* Project object */;
}
